
Microsoft Visual Studio Solution File, Format Version 12.00
# Visual Studio Version 18
VisualStudioVersion = 18.9.12112.369
MinimumVisualStudioVersion = 10.0.40219.1
Project("{8BC9CEB8-8B4A-11D0-8D11-00A0C91BC942}") = "CWebBrowser", "vs_files\CWebBrowser\CWebBrowser.vcxproj", "{2E953487-E73A-4C43-A9B6-174AB7B9A7E2}"
EndProject
Project("{8BC9CEB8-8B4A-11D0-8D11-00A0C91BC942}") = "EffectLib", "vs_files\EffectLib\EffectLib.vcxproj", "{7F1EC9EC-35DA-4332-A339-B68E3C95976F}"
EndProject
Project("{8BC9CEB8-8B4A-11D0-8D11-00A0C91BC942}") = "EterBase", "vs_files\EterBase\EterBase.vcxproj", "{D8C71073-CDC3-4AB1-A84A-5829F28BFF56}"
EndProject
Project("{8BC9CEB8-8B4A-11D0-8D11-00A0C91BC942}") = "EterGrnLib", "vs_files\EterGrnLib\EterGrnLib.vcxproj", "{935F7B65-3574-41C4-B4F9-1C2EC950463A}"
EndProject
Project("{8BC9CEB8-8B4A-11D0-8D11-00A0C91BC942}") = "EterImageLib", "vs_files\EterImageLib\EterImageLib.vcxproj", "{3AA4BFA3-DF0E-42B9-A82C-E1BE16139AF3}"
EndProject
Project("{8BC9CEB8-8B4A-11D0-8D11-00A0C91BC942}") = "EterLib", "vs_files\EterLib\EterLib.vcxproj", "{634437B1-4B3B-48C5-9220-619FB4D8F99B}"
EndProject
Project("{8BC9CEB8-8B4A-11D0-8D11-00A0C91BC942}") = "EterLocale", "vs_files\EterLocale\EterLocale.vcxproj", "{08E76C01-D25C-4684-911C-876A33F27CE1}"
EndProject
Project("{8BC9CEB8-8B4A-11D0-8D11-00A0C91BC942}") = "EterPack", "vs_files\EterPack\EterPack.vcxproj", "{EEAB8CB2-0891-4579-905E-B37A5F04F1D1}"
EndProject
Project("{8BC9CEB8-8B4A-11D0-8D11-00A0C91BC942}") = "EterPythonLib", "vs_files\EterPythonLib\EterPythonLib.vcxproj", "{396764A4-9226-4F33-930F-E577A3BF51D4}"
EndProject
Project("{8BC9CEB8-8B4A-11D0-8D11-00A0C91BC942}") = "GameLib", "vs_files\GameLib\GameLib.vcxproj", "{0C8DEF2C-F22D-4AD8-9D59-3147604C6B22}"
EndProject
Project("{8BC9CEB8-8B4A-11D0-8D11-00A0C91BC942}") = "MilesLib", "vs_files\MilesLib\MilesLib.vcxproj", "{FE2F4549-76C4-4448-88D7-67D8CAF477D2}"
EndProject
Project("{8BC9CEB8-8B4A-11D0-8D11-00A0C91BC942}") = "PRTerrainLib", "vs_files\TerrainLib\TerrainLib.vcxproj", "{A1ED61AC-6324-43B1-BC9B-548208D625CF}"
EndProject
Project("{8BC9CEB8-8B4A-11D0-8D11-00A0C91BC942}") = "ScriptLib", "vs_files\ScriptLib\ScriptLib.vcxproj", "{2084D43E-5FEE-4540-8EC9-8B159AD9D765}"
EndProject
Project("{8BC9CEB8-8B4A-11D0-8D11-00A0C91BC942}") = "SpeedTreeLib", "vs_files\SpeedTreeLib\SpeedTreeLib.vcxproj", "{602EF21F-918B-4678-85AE-44CCF1561DB8}"
EndProject
Project("{8BC9CEB8-8B4A-11D0-8D11-00A0C91BC942}") = "SphereLib", "vs_files\SphereLib\SphereLib.vcxproj", "{B1F24BAE-61E8-41E9-B2BB-A6905E5D64FD}"
EndProject
Project("{8BC9CEB8-8B4A-11D0-8D11-00A0C91BC942}") = "UserInterface", "vs_files\UserInterface\UserInterface.vcxproj", "{E0DC3917-08C3-4F15-A7E7-6CB395EC83F0}"
EndProject
Project("{8BC9CEB8-8B4A-11D0-8D11-00A0C91BC942}") = "Android", "vs_files\Android\Android.vcxproj", "{A8B2C3D4-E5F6-4A1B-8C2D-3E4F5A6B7C8D}"
EndProject
Global
	GlobalSection(SolutionConfigurationPlatforms) = preSolution
		Debug_Android|ARM = Debug_Android|ARM
		Debug_Android|Win32 = Debug_Android|Win32
		Debug_GLES|ARM = Debug_GLES|ARM
		Debug_GLES|Win32 = Debug_GLES|Win32
		Debug|ARM = Debug|ARM
		Debug|Win32 = Debug|Win32
		Distribute_Android|ARM = Distribute_Android|ARM
		Distribute_Android|Win32 = Distribute_Android|Win32
		Distribute_GLES|ARM = Distribute_GLES|ARM
		Distribute_GLES|Win32 = Distribute_GLES|Win32
		Distribute|ARM = Distribute|ARM
		Distribute|Win32 = Distribute|Win32
	EndGlobalSection
	GlobalSection(ProjectConfigurationPlatforms) = postSolution
		{2E953487-E73A-4C43-A9B6-174AB7B9A7E2}.Debug_Android|ARM.ActiveCfg = Debug|ARM
		{2E953487-E73A-4C43-A9B6-174AB7B9A7E2}.Debug_Android|ARM.Build.0 = Debug|ARM
		{2E953487-E73A-4C43-A9B6-174AB7B9A7E2}.Debug_Android|Win32.ActiveCfg = Debug|Win32
		{2E953487-E73A-4C43-A9B6-174AB7B9A7E2}.Debug_GLES|ARM.ActiveCfg = Debug_GLES|ARM
		{2E953487-E73A-4C43-A9B6-174AB7B9A7E2}.Debug_GLES|ARM.Build.0 = Debug_GLES|ARM
		{2E953487-E73A-4C43-A9B6-174AB7B9A7E2}.Debug_GLES|Win32.ActiveCfg = Debug_GLES|Win32
		{2E953487-E73A-4C43-A9B6-174AB7B9A7E2}.Debug_GLES|Win32.Build.0 = Debug_GLES|Win32
		{2E953487-E73A-4C43-A9B6-174AB7B9A7E2}.Debug|ARM.ActiveCfg = Debug|ARM
		{2E953487-E73A-4C43-A9B6-174AB7B9A7E2}.Debug|ARM.Build.0 = Debug|ARM
		{2E953487-E73A-4C43-A9B6-174AB7B9A7E2}.Debug|Win32.ActiveCfg = Debug|Win32
		{2E953487-E73A-4C43-A9B6-174AB7B9A7E2}.Debug|Win32.Build.0 = Debug|Win32
		{2E953487-E73A-4C43-A9B6-174AB7B9A7E2}.Distribute_Android|ARM.ActiveCfg = Distribute|ARM
		{2E953487-E73A-4C43-A9B6-174AB7B9A7E2}.Distribute_Android|ARM.Build.0 = Distribute|ARM
		{2E953487-E73A-4C43-A9B6-174AB7B9A7E2}.Distribute_Android|Win32.ActiveCfg = Distribute|Win32
		{2E953487-E73A-4C43-A9B6-174AB7B9A7E2}.Distribute_GLES|ARM.ActiveCfg = Distribute_GLES|ARM
		{2E953487-E73A-4C43-A9B6-174AB7B9A7E2}.Distribute_GLES|ARM.Build.0 = Distribute_GLES|ARM
		{2E953487-E73A-4C43-A9B6-174AB7B9A7E2}.Distribute_GLES|Win32.ActiveCfg = Distribute_GLES|Win32
		{2E953487-E73A-4C43-A9B6-174AB7B9A7E2}.Distribute_GLES|Win32.Build.0 = Distribute_GLES|Win32
		{2E953487-E73A-4C43-A9B6-174AB7B9A7E2}.Distribute|ARM.ActiveCfg = Distribute|ARM
		{2E953487-E73A-4C43-A9B6-174AB7B9A7E2}.Distribute|ARM.Build.0 = Distribute|ARM
		{2E953487-E73A-4C43-A9B6-174AB7B9A7E2}.Distribute|Win32.ActiveCfg = Distribute|Win32
		{2E953487-E73A-4C43-A9B6-174AB7B9A7E2}.Distribute|Win32.Build.0 = Distribute|Win32
		{7F1EC9EC-35DA-4332-A339-B68E3C95976F}.Debug_Android|ARM.ActiveCfg = Debug|ARM
		{7F1EC9EC-35DA-4332-A339-B68E3C95976F}.Debug_Android|ARM.Build.0 = Debug|ARM
		{7F1EC9EC-35DA-4332-A339-B68E3C95976F}.Debug_Android|Win32.ActiveCfg = Debug|Win32
		{7F1EC9EC-35DA-4332-A339-B68E3C95976F}.Debug_GLES|ARM.ActiveCfg = Debug_GLES|ARM
		{7F1EC9EC-35DA-4332-A339-B68E3C95976F}.Debug_GLES|ARM.Build.0 = Debug_GLES|ARM
		{7F1EC9EC-35DA-4332-A339-B68E3C95976F}.Debug_GLES|Win32.ActiveCfg = Debug_GLES|Win32
		{7F1EC9EC-35DA-4332-A339-B68E3C95976F}.Debug_GLES|Win32.Build.0 = Debug_GLES|Win32
		{7F1EC9EC-35DA-4332-A339-B68E3C95976F}.Debug|ARM.ActiveCfg = Debug|ARM
		{7F1EC9EC-35DA-4332-A339-B68E3C95976F}.Debug|ARM.Build.0 = Debug|ARM
		{7F1EC9EC-35DA-4332-A339-B68E3C95976F}.Debug|Win32.ActiveCfg = Debug|Win32
		{7F1EC9EC-35DA-4332-A339-B68E3C95976F}.Debug|Win32.Build.0 = Debug|Win32
		{7F1EC9EC-35DA-4332-A339-B68E3C95976F}.Distribute_Android|ARM.ActiveCfg = Distribute|ARM
		{7F1EC9EC-35DA-4332-A339-B68E3C95976F}.Distribute_Android|ARM.Build.0 = Distribute|ARM
		{7F1EC9EC-35DA-4332-A339-B68E3C95976F}.Distribute_Android|Win32.ActiveCfg = Distribute|Win32
		{7F1EC9EC-35DA-4332-A339-B68E3C95976F}.Distribute_GLES|ARM.ActiveCfg = Distribute_GLES|ARM
		{7F1EC9EC-35DA-4332-A339-B68E3C95976F}.Distribute_GLES|ARM.Build.0 = Distribute_GLES|ARM
		{7F1EC9EC-35DA-4332-A339-B68E3C95976F}.Distribute_GLES|Win32.ActiveCfg = Distribute_GLES|Win32
		{7F1EC9EC-35DA-4332-A339-B68E3C95976F}.Distribute_GLES|Win32.Build.0 = Distribute_GLES|Win32
		{7F1EC9EC-35DA-4332-A339-B68E3C95976F}.Distribute|ARM.ActiveCfg = Distribute|ARM
		{7F1EC9EC-35DA-4332-A339-B68E3C95976F}.Distribute|ARM.Build.0 = Distribute|ARM
		{7F1EC9EC-35DA-4332-A339-B68E3C95976F}.Distribute|Win32.ActiveCfg = Distribute|Win32
		{7F1EC9EC-35DA-4332-A339-B68E3C95976F}.Distribute|Win32.Build.0 = Distribute|Win32
		{D8C71073-CDC3-4AB1-A84A-5829F28BFF56}.Debug_Android|ARM.ActiveCfg = Debug|ARM
		{D8C71073-CDC3-4AB1-A84A-5829F28BFF56}.Debug_Android|ARM.Build.0 = Debug|ARM
		{D8C71073-CDC3-4AB1-A84A-5829F28BFF56}.Debug_Android|Win32.ActiveCfg = Debug|Win32
		{D8C71073-CDC3-4AB1-A84A-5829F28BFF56}.Debug_GLES|ARM.ActiveCfg = Debug_GLES|ARM
		{D8C71073-CDC3-4AB1-A84A-5829F28BFF56}.Debug_GLES|ARM.Build.0 = Debug_GLES|ARM
		{D8C71073-CDC3-4AB1-A84A-5829F28BFF56}.Debug_GLES|Win32.ActiveCfg = Debug_GLES|Win32
		{D8C71073-CDC3-4AB1-A84A-5829F28BFF56}.Debug_GLES|Win32.Build.0 = Debug_GLES|Win32
		{D8C71073-CDC3-4AB1-A84A-5829F28BFF56}.Debug|ARM.ActiveCfg = Debug|ARM
		{D8C71073-CDC3-4AB1-A84A-5829F28BFF56}.Debug|ARM.Build.0 = Debug|ARM
		{D8C71073-CDC3-4AB1-A84A-5829F28BFF56}.Debug|Win32.ActiveCfg = Debug|Win32
		{D8C71073-CDC3-4AB1-A84A-5829F28BFF56}.Debug|Win32.Build.0 = Debug|Win32
		{D8C71073-CDC3-4AB1-A84A-5829F28BFF56}.Distribute_Android|ARM.ActiveCfg = Distribute|ARM
		{D8C71073-CDC3-4AB1-A84A-5829F28BFF56}.Distribute_Android|ARM.Build.0 = Distribute|ARM
		{D8C71073-CDC3-4AB1-A84A-5829F28BFF56}.Distribute_Android|Win32.ActiveCfg = Distribute|Win32
		{D8C71073-CDC3-4AB1-A84A-5829F28BFF56}.Distribute_GLES|ARM.ActiveCfg = Distribute_GLES|ARM
		{D8C71073-CDC3-4AB1-A84A-5829F28BFF56}.Distribute_GLES|ARM.Build.0 = Distribute_GLES|ARM
		{D8C71073-CDC3-4AB1-A84A-5829F28BFF56}.Distribute_GLES|Win32.ActiveCfg = Distribute_GLES|Win32
		{D8C71073-CDC3-4AB1-A84A-5829F28BFF56}.Distribute_GLES|Win32.Build.0 = Distribute_GLES|Win32
		{D8C71073-CDC3-4AB1-A84A-5829F28BFF56}.Distribute|ARM.ActiveCfg = Distribute|ARM
		{D8C71073-CDC3-4AB1-A84A-5829F28BFF56}.Distribute|ARM.Build.0 = Distribute|ARM
		{D8C71073-CDC3-4AB1-A84A-5829F28BFF56}.Distribute|Win32.ActiveCfg = Distribute|Win32
		{D8C71073-CDC3-4AB1-A84A-5829F28BFF56}.Distribute|Win32.Build.0 = Distribute|Win32
		{935F7B65-3574-41C4-B4F9-1C2EC950463A}.Debug_Android|ARM.ActiveCfg = Debug|ARM
		{935F7B65-3574-41C4-B4F9-1C2EC950463A}.Debug_Android|ARM.Build.0 = Debug|ARM
		{935F7B65-3574-41C4-B4F9-1C2EC950463A}.Debug_Android|Win32.ActiveCfg = Debug|Win32
		{935F7B65-3574-41C4-B4F9-1C2EC950463A}.Debug_GLES|ARM.ActiveCfg = Debug_GLES|ARM
		{935F7B65-3574-41C4-B4F9-1C2EC950463A}.Debug_GLES|ARM.Build.0 = Debug_GLES|ARM
		{935F7B65-3574-41C4-B4F9-1C2EC950463A}.Debug_GLES|Win32.ActiveCfg = Debug_GLES|Win32
		{935F7B65-3574-41C4-B4F9-1C2EC950463A}.Debug_GLES|Win32.Build.0 = Debug_GLES|Win32
		{935F7B65-3574-41C4-B4F9-1C2EC950463A}.Debug|ARM.ActiveCfg = Debug|ARM
		{935F7B65-3574-41C4-B4F9-1C2EC950463A}.Debug|ARM.Build.0 = Debug|ARM
		{935F7B65-3574-41C4-B4F9-1C2EC950463A}.Debug|Win32.ActiveCfg = Debug|Win32
		{935F7B65-3574-41C4-B4F9-1C2EC950463A}.Debug|Win32.Build.0 = Debug|Win32
		{935F7B65-3574-41C4-B4F9-1C2EC950463A}.Distribute_Android|ARM.ActiveCfg = Distribute|ARM
		{935F7B65-3574-41C4-B4F9-1C2EC950463A}.Distribute_Android|ARM.Build.0 = Distribute|ARM
		{935F7B65-3574-41C4-B4F9-1C2EC950463A}.Distribute_Android|Win32.ActiveCfg = Distribute|Win32
		{935F7B65-3574-41C4-B4F9-1C2EC950463A}.Distribute_GLES|ARM.ActiveCfg = Distribute_GLES|ARM
		{935F7B65-3574-41C4-B4F9-1C2EC950463A}.Distribute_GLES|ARM.Build.0 = Distribute_GLES|ARM
		{935F7B65-3574-41C4-B4F9-1C2EC950463A}.Distribute_GLES|Win32.ActiveCfg = Distribute_GLES|Win32
		{935F7B65-3574-41C4-B4F9-1C2EC950463A}.Distribute_GLES|Win32.Build.0 = Distribute_GLES|Win32
		{935F7B65-3574-41C4-B4F9-1C2EC950463A}.Distribute|ARM.ActiveCfg = Distribute|ARM
		{935F7B65-3574-41C4-B4F9-1C2EC950463A}.Distribute|ARM.Build.0 = Distribute|ARM
		{935F7B65-3574-41C4-B4F9-1C2EC950463A}.Distribute|Win32.ActiveCfg = Distribute|Win32
		{935F7B65-3574-41C4-B4F9-1C2EC950463A}.Distribute|Win32.Build.0 = Distribute|Win32
		{3AA4BFA3-DF0E-42B9-A82C-E1BE16139AF3}.Debug_Android|ARM.ActiveCfg = Debug|ARM
		{3AA4BFA3-DF0E-42B9-A82C-E1BE16139AF3}.Debug_Android|ARM.Build.0 = Debug|ARM
		{3AA4BFA3-DF0E-42B9-A82C-E1BE16139AF3}.Debug_Android|Win32.ActiveCfg = Debug|Win32
		{3AA4BFA3-DF0E-42B9-A82C-E1BE16139AF3}.Debug_GLES|ARM.ActiveCfg = Debug_GLES|ARM
		{3AA4BFA3-DF0E-42B9-A82C-E1BE16139AF3}.Debug_GLES|ARM.Build.0 = Debug_GLES|ARM
		{3AA4BFA3-DF0E-42B9-A82C-E1BE16139AF3}.Debug_GLES|Win32.ActiveCfg = Debug_GLES|Win32
		{3AA4BFA3-DF0E-42B9-A82C-E1BE16139AF3}.Debug_GLES|Win32.Build.0 = Debug_GLES|Win32
		{3AA4BFA3-DF0E-42B9-A82C-E1BE16139AF3}.Debug|ARM.ActiveCfg = Debug|ARM
		{3AA4BFA3-DF0E-42B9-A82C-E1BE16139AF3}.Debug|ARM.Build.0 = Debug|ARM
		{3AA4BFA3-DF0E-42B9-A82C-E1BE16139AF3}.Debug|Win32.ActiveCfg = Debug|Win32
		{3AA4BFA3-DF0E-42B9-A82C-E1BE16139AF3}.Debug|Win32.Build.0 = Debug|Win32
		{3AA4BFA3-DF0E-42B9-A82C-E1BE16139AF3}.Distribute_Android|ARM.ActiveCfg = Distribute|ARM
		{3AA4BFA3-DF0E-42B9-A82C-E1BE16139AF3}.Distribute_Android|ARM.Build.0 = Distribute|ARM
		{3AA4BFA3-DF0E-42B9-A82C-E1BE16139AF3}.Distribute_Android|Win32.ActiveCfg = Distribute|Win32
		{3AA4BFA3-DF0E-42B9-A82C-E1BE16139AF3}.Distribute_GLES|ARM.ActiveCfg = Distribute_GLES|ARM
		{3AA4BFA3-DF0E-42B9-A82C-E1BE16139AF3}.Distribute_GLES|ARM.Build.0 = Distribute_GLES|ARM
		{3AA4BFA3-DF0E-42B9-A82C-E1BE16139AF3}.Distribute_GLES|Win32.ActiveCfg = Distribute_GLES|Win32
		{3AA4BFA3-DF0E-42B9-A82C-E1BE16139AF3}.Distribute_GLES|Win32.Build.0 = Distribute_GLES|Win32
		{3AA4BFA3-DF0E-42B9-A82C-E1BE16139AF3}.Distribute|ARM.ActiveCfg = Distribute|ARM
		{3AA4BFA3-DF0E-42B9-A82C-E1BE16139AF3}.Distribute|ARM.Build.0 = Distribute|ARM
		{3AA4BFA3-DF0E-42B9-A82C-E1BE16139AF3}.Distribute|Win32.ActiveCfg = Distribute|Win32
		{3AA4BFA3-DF0E-42B9-A82C-E1BE16139AF3}.Distribute|Win32.Build.0 = Distribute|Win32
		{634437B1-4B3B-48C5-9220-619FB4D8F99B}.Debug_Android|ARM.ActiveCfg = Debug|ARM
		{634437B1-4B3B-48C5-9220-619FB4D8F99B}.Debug_Android|ARM.Build.0 = Debug|ARM
		{634437B1-4B3B-48C5-9220-619FB4D8F99B}.Debug_Android|Win32.ActiveCfg = Debug|Win32
		{634437B1-4B3B-48C5-9220-619FB4D8F99B}.Debug_GLES|ARM.ActiveCfg = Debug_GLES|ARM
		{634437B1-4B3B-48C5-9220-619FB4D8F99B}.Debug_GLES|ARM.Build.0 = Debug_GLES|ARM
		{634437B1-4B3B-48C5-9220-619FB4D8F99B}.Debug_GLES|Win32.ActiveCfg = Debug_GLES|Win32
		{634437B1-4B3B-48C5-9220-619FB4D8F99B}.Debug_GLES|Win32.Build.0 = Debug_GLES|Win32
		{634437B1-4B3B-48C5-9220-619FB4D8F99B}.Debug|ARM.ActiveCfg = Debug|ARM
		{634437B1-4B3B-48C5-9220-619FB4D8F99B}.Debug|ARM.Build.0 = Debug|ARM
		{634437B1-4B3B-48C5-9220-619FB4D8F99B}.Debug|Win32.ActiveCfg = Debug|Win32
		{634437B1-4B3B-48C5-9220-619FB4D8F99B}.Debug|Win32.Build.0 = Debug|Win32
		{634437B1-4B3B-48C5-9220-619FB4D8F99B}.Distribute_Android|ARM.ActiveCfg = Distribute|ARM
		{634437B1-4B3B-48C5-9220-619FB4D8F99B}.Distribute_Android|ARM.Build.0 = Distribute|ARM
		{634437B1-4B3B-48C5-9220-619FB4D8F99B}.Distribute_Android|Win32.ActiveCfg = Distribute|Win32
		{634437B1-4B3B-48C5-9220-619FB4D8F99B}.Distribute_GLES|ARM.ActiveCfg = Distribute_GLES|ARM
		{634437B1-4B3B-48C5-9220-619FB4D8F99B}.Distribute_GLES|ARM.Build.0 = Distribute_GLES|ARM
		{634437B1-4B3B-48C5-9220-619FB4D8F99B}.Distribute_GLES|Win32.ActiveCfg = Distribute_GLES|Win32
		{634437B1-4B3B-48C5-9220-619FB4D8F99B}.Distribute_GLES|Win32.Build.0 = Distribute_GLES|Win32
		{634437B1-4B3B-48C5-9220-619FB4D8F99B}.Distribute|ARM.ActiveCfg = Distribute|ARM
		{634437B1-4B3B-48C5-9220-619FB4D8F99B}.Distribute|ARM.Build.0 = Distribute|ARM
		{634437B1-4B3B-48C5-9220-619FB4D8F99B}.Distribute|Win32.ActiveCfg = Distribute|Win32
		{634437B1-4B3B-48C5-9220-619FB4D8F99B}.Distribute|Win32.Build.0 = Distribute|Win32
		{08E76C01-D25C-4684-911C-876A33F27CE1}.Debug_Android|ARM.ActiveCfg = Debug|ARM
		{08E76C01-D25C-4684-911C-876A33F27CE1}.Debug_Android|ARM.Build.0 = Debug|ARM
		{08E76C01-D25C-4684-911C-876A33F27CE1}.Debug_Android|Win32.ActiveCfg = Debug|Win32
		{08E76C01-D25C-4684-911C-876A33F27CE1}.Debug_GLES|ARM.ActiveCfg = Debug_GLES|ARM
		{08E76C01-D25C-4684-911C-876A33F27CE1}.Debug_GLES|ARM.Build.0 = Debug_GLES|ARM
		{08E76C01-D25C-4684-911C-876A33F27CE1}.Debug_GLES|Win32.ActiveCfg = Debug_GLES|Win32
		{08E76C01-D25C-4684-911C-876A33F27CE1}.Debug_GLES|Win32.Build.0 = Debug_GLES|Win32
		{08E76C01-D25C-4684-911C-876A33F27CE1}.Debug|ARM.ActiveCfg = Debug|ARM
		{08E76C01-D25C-4684-911C-876A33F27CE1}.Debug|ARM.Build.0 = Debug|ARM
		{08E76C01-D25C-4684-911C-876A33F27CE1}.Debug|Win32.ActiveCfg = Debug|Win32
		{08E76C01-D25C-4684-911C-876A33F27CE1}.Debug|Win32.Build.0 = Debug|Win32
		{08E76C01-D25C-4684-911C-876A33F27CE1}.Distribute_Android|ARM.ActiveCfg = Distribute|ARM
		{08E76C01-D25C-4684-911C-876A33F27CE1}.Distribute_Android|ARM.Build.0 = Distribute|ARM
		{08E76C01-D25C-4684-911C-876A33F27CE1}.Distribute_Android|Win32.ActiveCfg = Distribute|Win32
		{08E76C01-D25C-4684-911C-876A33F27CE1}.Distribute_GLES|ARM.ActiveCfg = Distribute_GLES|ARM
		{08E76C01-D25C-4684-911C-876A33F27CE1}.Distribute_GLES|ARM.Build.0 = Distribute_GLES|ARM
		{08E76C01-D25C-4684-911C-876A33F27CE1}.Distribute_GLES|Win32.ActiveCfg = Distribute_GLES|Win32
		{08E76C01-D25C-4684-911C-876A33F27CE1}.Distribute_GLES|Win32.Build.0 = Distribute_GLES|Win32
		{08E76C01-D25C-4684-911C-876A33F27CE1}.Distribute|ARM.ActiveCfg = Distribute|ARM
		{08E76C01-D25C-4684-911C-876A33F27CE1}.Distribute|ARM.Build.0 = Distribute|ARM
		{08E76C01-D25C-4684-911C-876A33F27CE1}.Distribute|Win32.ActiveCfg = Distribute|Win32
		{08E76C01-D25C-4684-911C-876A33F27CE1}.Distribute|Win32.Build.0 = Distribute|Win32
		{EEAB8CB2-0891-4579-905E-B37A5F04F1D1}.Debug_Android|ARM.ActiveCfg = Debug|ARM
		{EEAB8CB2-0891-4579-905E-B37A5F04F1D1}.Debug_Android|ARM.Build.0 = Debug|ARM
		{EEAB8CB2-0891-4579-905E-B37A5F04F1D1}.Debug_Android|Win32.ActiveCfg = Debug|Win32
		{EEAB8CB2-0891-4579-905E-B37A5F04F1D1}.Debug_GLES|ARM.ActiveCfg = Debug_GLES|ARM
		{EEAB8CB2-0891-4579-905E-B37A5F04F1D1}.Debug_GLES|ARM.Build.0 = Debug_GLES|ARM
		{EEAB8CB2-0891-4579-905E-B37A5F04F1D1}.Debug_GLES|Win32.ActiveCfg = Debug_GLES|Win32
		{EEAB8CB2-0891-4579-905E-B37A5F04F1D1}.Debug_GLES|Win32.Build.0 = Debug_GLES|Win32
		{EEAB8CB2-0891-4579-905E-B37A5F04F1D1}.Debug|ARM.ActiveCfg = Debug|ARM
		{EEAB8CB2-0891-4579-905E-B37A5F04F1D1}.Debug|ARM.Build.0 = Debug|ARM
		{EEAB8CB2-0891-4579-905E-B37A5F04F1D1}.Debug|Win32.ActiveCfg = Debug|Win32
		{EEAB8CB2-0891-4579-905E-B37A5F04F1D1}.Debug|Win32.Build.0 = Debug|Win32
		{EEAB8CB2-0891-4579-905E-B37A5F04F1D1}.Distribute_Android|ARM.ActiveCfg = Distribute|ARM
		{EEAB8CB2-0891-4579-905E-B37A5F04F1D1}.Distribute_Android|ARM.Build.0 = Distribute|ARM
		{EEAB8CB2-0891-4579-905E-B37A5F04F1D1}.Distribute_Android|Win32.ActiveCfg = Distribute|Win32
		{EEAB8CB2-0891-4579-905E-B37A5F04F1D1}.Distribute_GLES|ARM.ActiveCfg = Distribute_GLES|ARM
		{EEAB8CB2-0891-4579-905E-B37A5F04F1D1}.Distribute_GLES|ARM.Build.0 = Distribute_GLES|ARM
		{EEAB8CB2-0891-4579-905E-B37A5F04F1D1}.Distribute_GLES|Win32.ActiveCfg = Distribute_GLES|Win32
		{EEAB8CB2-0891-4579-905E-B37A5F04F1D1}.Distribute_GLES|Win32.Build.0 = Distribute_GLES|Win32
		{EEAB8CB2-0891-4579-905E-B37A5F04F1D1}.Distribute|ARM.ActiveCfg = Distribute|ARM
		{EEAB8CB2-0891-4579-905E-B37A5F04F1D1}.Distribute|ARM.Build.0 = Distribute|ARM
		{EEAB8CB2-0891-4579-905E-B37A5F04F1D1}.Distribute|Win32.ActiveCfg = Distribute|Win32
		{EEAB8CB2-0891-4579-905E-B37A5F04F1D1}.Distribute|Win32.Build.0 = Distribute|Win32
		{396764A4-9226-4F33-930F-E577A3BF51D4}.Debug_Android|ARM.ActiveCfg = Debug|ARM
		{396764A4-9226-4F33-930F-E577A3BF51D4}.Debug_Android|ARM.Build.0 = Debug|ARM
		{396764A4-9226-4F33-930F-E577A3BF51D4}.Debug_Android|Win32.ActiveCfg = Debug|Win32
		{396764A4-9226-4F33-930F-E577A3BF51D4}.Debug_GLES|ARM.ActiveCfg = Debug_GLES|ARM
		{396764A4-9226-4F33-930F-E577A3BF51D4}.Debug_GLES|ARM.Build.0 = Debug_GLES|ARM
		{396764A4-9226-4F33-930F-E577A3BF51D4}.Debug_GLES|Win32.ActiveCfg = Debug_GLES|Win32
		{396764A4-9226-4F33-930F-E577A3BF51D4}.Debug_GLES|Win32.Build.0 = Debug_GLES|Win32
		{396764A4-9226-4F33-930F-E577A3BF51D4}.Debug|ARM.ActiveCfg = Debug|ARM
		{396764A4-9226-4F33-930F-E577A3BF51D4}.Debug|ARM.Build.0 = Debug|ARM
		{396764A4-9226-4F33-930F-E577A3BF51D4}.Debug|Win32.ActiveCfg = Debug|Win32
		{396764A4-9226-4F33-930F-E577A3BF51D4}.Debug|Win32.Build.0 = Debug|Win32
		{396764A4-9226-4F33-930F-E577A3BF51D4}.Distribute_Android|ARM.ActiveCfg = Distribute|ARM
		{396764A4-9226-4F33-930F-E577A3BF51D4}.Distribute_Android|ARM.Build.0 = Distribute|ARM
		{396764A4-9226-4F33-930F-E577A3BF51D4}.Distribute_Android|Win32.ActiveCfg = Distribute|Win32
		{396764A4-9226-4F33-930F-E577A3BF51D4}.Distribute_GLES|ARM.ActiveCfg = Distribute_GLES|ARM
		{396764A4-9226-4F33-930F-E577A3BF51D4}.Distribute_GLES|ARM.Build.0 = Distribute_GLES|ARM
		{396764A4-9226-4F33-930F-E577A3BF51D4}.Distribute_GLES|Win32.ActiveCfg = Distribute_GLES|Win32
		{396764A4-9226-4F33-930F-E577A3BF51D4}.Distribute_GLES|Win32.Build.0 = Distribute_GLES|Win32
		{396764A4-9226-4F33-930F-E577A3BF51D4}.Distribute|ARM.ActiveCfg = Distribute|ARM
		{396764A4-9226-4F33-930F-E577A3BF51D4}.Distribute|ARM.Build.0 = Distribute|ARM
		{396764A4-9226-4F33-930F-E577A3BF51D4}.Distribute|Win32.ActiveCfg = Distribute|Win32
		{396764A4-9226-4F33-930F-E577A3BF51D4}.Distribute|Win32.Build.0 = Distribute|Win32
		{0C8DEF2C-F22D-4AD8-9D59-3147604C6B22}.Debug_Android|ARM.ActiveCfg = Debug|ARM
		{0C8DEF2C-F22D-4AD8-9D59-3147604C6B22}.Debug_Android|ARM.Build.0 = Debug|ARM
		{0C8DEF2C-F22D-4AD8-9D59-3147604C6B22}.Debug_Android|Win32.ActiveCfg = Debug|Win32
		{0C8DEF2C-F22D-4AD8-9D59-3147604C6B22}.Debug_GLES|ARM.ActiveCfg = Debug_GLES|ARM
		{0C8DEF2C-F22D-4AD8-9D59-3147604C6B22}.Debug_GLES|ARM.Build.0 = Debug_GLES|ARM
		{0C8DEF2C-F22D-4AD8-9D59-3147604C6B22}.Debug_GLES|Win32.ActiveCfg = Debug_GLES|Win32
		{0C8DEF2C-F22D-4AD8-9D59-3147604C6B22}.Debug_GLES|Win32.Build.0 = Debug_GLES|Win32
		{0C8DEF2C-F22D-4AD8-9D59-3147604C6B22}.Debug|ARM.ActiveCfg = Debug|ARM
		{0C8DEF2C-F22D-4AD8-9D59-3147604C6B22}.Debug|ARM.Build.0 = Debug|ARM
		{0C8DEF2C-F22D-4AD8-9D59-3147604C6B22}.Debug|Win32.ActiveCfg = Debug|Win32
		{0C8DEF2C-F22D-4AD8-9D59-3147604C6B22}.Debug|Win32.Build.0 = Debug|Win32
		{0C8DEF2C-F22D-4AD8-9D59-3147604C6B22}.Distribute_Android|ARM.ActiveCfg = Distribute|ARM
		{0C8DEF2C-F22D-4AD8-9D59-3147604C6B22}.Distribute_Android|ARM.Build.0 = Distribute|ARM
		{0C8DEF2C-F22D-4AD8-9D59-3147604C6B22}.Distribute_Android|Win32.ActiveCfg = Distribute|Win32
		{0C8DEF2C-F22D-4AD8-9D59-3147604C6B22}.Distribute_GLES|ARM.ActiveCfg = Distribute_GLES|ARM
		{0C8DEF2C-F22D-4AD8-9D59-3147604C6B22}.Distribute_GLES|ARM.Build.0 = Distribute_GLES|ARM
		{0C8DEF2C-F22D-4AD8-9D59-3147604C6B22}.Distribute_GLES|Win32.ActiveCfg = Distribute_GLES|Win32
		{0C8DEF2C-F22D-4AD8-9D59-3147604C6B22}.Distribute_GLES|Win32.Build.0 = Distribute_GLES|Win32
		{0C8DEF2C-F22D-4AD8-9D59-3147604C6B22}.Distribute|ARM.ActiveCfg = Distribute|ARM
		{0C8DEF2C-F22D-4AD8-9D59-3147604C6B22}.Distribute|ARM.Build.0 = Distribute|ARM
		{0C8DEF2C-F22D-4AD8-9D59-3147604C6B22}.Distribute|Win32.ActiveCfg = Distribute|Win32
		{0C8DEF2C-F22D-4AD8-9D59-3147604C6B22}.Distribute|Win32.Build.0 = Distribute|Win32
		{FE2F4549-76C4-4448-88D7-67D8CAF477D2}.Debug_Android|ARM.ActiveCfg = Debug|ARM
		{FE2F4549-76C4-4448-88D7-67D8CAF477D2}.Debug_Android|ARM.Build.0 = Debug|ARM
		{FE2F4549-76C4-4448-88D7-67D8CAF477D2}.Debug_Android|Win32.ActiveCfg = Debug|Win32
		{FE2F4549-76C4-4448-88D7-67D8CAF477D2}.Debug_GLES|ARM.ActiveCfg = Debug_GLES|ARM
		{FE2F4549-76C4-4448-88D7-67D8CAF477D2}.Debug_GLES|ARM.Build.0 = Debug_GLES|ARM
		{FE2F4549-76C4-4448-88D7-67D8CAF477D2}.Debug_GLES|Win32.ActiveCfg = Debug_GLES|Win32
		{FE2F4549-76C4-4448-88D7-67D8CAF477D2}.Debug_GLES|Win32.Build.0 = Debug_GLES|Win32
		{FE2F4549-76C4-4448-88D7-67D8CAF477D2}.Debug|ARM.ActiveCfg = Debug|ARM
		{FE2F4549-76C4-4448-88D7-67D8CAF477D2}.Debug|ARM.Build.0 = Debug|ARM
		{FE2F4549-76C4-4448-88D7-67D8CAF477D2}.Debug|Win32.ActiveCfg = Debug|Win32
		{FE2F4549-76C4-4448-88D7-67D8CAF477D2}.Debug|Win32.Build.0 = Debug|Win32
		{FE2F4549-76C4-4448-88D7-67D8CAF477D2}.Distribute_Android|ARM.ActiveCfg = Distribute|ARM
		{FE2F4549-76C4-4448-88D7-67D8CAF477D2}.Distribute_Android|ARM.Build.0 = Distribute|ARM
		{FE2F4549-76C4-4448-88D7-67D8CAF477D2}.Distribute_Android|Win32.ActiveCfg = Distribute|Win32
		{FE2F4549-76C4-4448-88D7-67D8CAF477D2}.Distribute_GLES|ARM.ActiveCfg = Distribute_GLES|ARM
		{FE2F4549-76C4-4448-88D7-67D8CAF477D2}.Distribute_GLES|ARM.Build.0 = Distribute_GLES|ARM
		{FE2F4549-76C4-4448-88D7-67D8CAF477D2}.Distribute_GLES|Win32.ActiveCfg = Distribute_GLES|Win32
		{FE2F4549-76C4-4448-88D7-67D8CAF477D2}.Distribute_GLES|Win32.Build.0 = Distribute_GLES|Win32
		{FE2F4549-76C4-4448-88D7-67D8CAF477D2}.Distribute|ARM.ActiveCfg = Distribute|ARM
		{FE2F4549-76C4-4448-88D7-67D8CAF477D2}.Distribute|ARM.Build.0 = Distribute|ARM
		{FE2F4549-76C4-4448-88D7-67D8CAF477D2}.Distribute|Win32.ActiveCfg = Distribute|Win32
		{FE2F4549-76C4-4448-88D7-67D8CAF477D2}.Distribute|Win32.Build.0 = Distribute|Win32
		{A1ED61AC-6324-43B1-BC9B-548208D625CF}.Debug_Android|ARM.ActiveCfg = Debug|ARM
		{A1ED61AC-6324-43B1-BC9B-548208D625CF}.Debug_Android|ARM.Build.0 = Debug|ARM
		{A1ED61AC-6324-43B1-BC9B-548208D625CF}.Debug_Android|Win32.ActiveCfg = Debug|Win32
		{A1ED61AC-6324-43B1-BC9B-548208D625CF}.Debug_GLES|ARM.ActiveCfg = Debug_GLES|ARM
		{A1ED61AC-6324-43B1-BC9B-548208D625CF}.Debug_GLES|ARM.Build.0 = Debug_GLES|ARM
		{A1ED61AC-6324-43B1-BC9B-548208D625CF}.Debug_GLES|Win32.ActiveCfg = Debug_GLES|Win32
		{A1ED61AC-6324-43B1-BC9B-548208D625CF}.Debug_GLES|Win32.Build.0 = Debug_GLES|Win32
		{A1ED61AC-6324-43B1-BC9B-548208D625CF}.Debug|ARM.ActiveCfg = Debug|ARM
		{A1ED61AC-6324-43B1-BC9B-548208D625CF}.Debug|ARM.Build.0 = Debug|ARM
		{A1ED61AC-6324-43B1-BC9B-548208D625CF}.Debug|Win32.ActiveCfg = Debug|Win32
		{A1ED61AC-6324-43B1-BC9B-548208D625CF}.Debug|Win32.Build.0 = Debug|Win32
		{A1ED61AC-6324-43B1-BC9B-548208D625CF}.Distribute_Android|ARM.ActiveCfg = Distribute|ARM
		{A1ED61AC-6324-43B1-BC9B-548208D625CF}.Distribute_Android|ARM.Build.0 = Distribute|ARM
		{A1ED61AC-6324-43B1-BC9B-548208D625CF}.Distribute_Android|Win32.ActiveCfg = Distribute|Win32
		{A1ED61AC-6324-43B1-BC9B-548208D625CF}.Distribute_GLES|ARM.ActiveCfg = Distribute_GLES|ARM
		{A1ED61AC-6324-43B1-BC9B-548208D625CF}.Distribute_GLES|ARM.Build.0 = Distribute_GLES|ARM
		{A1ED61AC-6324-43B1-BC9B-548208D625CF}.Distribute_GLES|Win32.ActiveCfg = Distribute_GLES|Win32
		{A1ED61AC-6324-43B1-BC9B-548208D625CF}.Distribute_GLES|Win32.Build.0 = Distribute_GLES|Win32
		{A1ED61AC-6324-43B1-BC9B-548208D625CF}.Distribute|ARM.ActiveCfg = Distribute|ARM
		{A1ED61AC-6324-43B1-BC9B-548208D625CF}.Distribute|ARM.Build.0 = Distribute|ARM
		{A1ED61AC-6324-43B1-BC9B-548208D625CF}.Distribute|Win32.ActiveCfg = Distribute|Win32
		{A1ED61AC-6324-43B1-BC9B-548208D625CF}.Distribute|Win32.Build.0 = Distribute|Win32
		{2084D43E-5FEE-4540-8EC9-8B159AD9D765}.Debug_Android|ARM.ActiveCfg = Debug|ARM
		{2084D43E-5FEE-4540-8EC9-8B159AD9D765}.Debug_Android|ARM.Build.0 = Debug|ARM
		{2084D43E-5FEE-4540-8EC9-8B159AD9D765}.Debug_Android|Win32.ActiveCfg = Debug|Win32
		{2084D43E-5FEE-4540-8EC9-8B159AD9D765}.Debug_GLES|ARM.ActiveCfg = Debug_GLES|ARM
		{2084D43E-5FEE-4540-8EC9-8B159AD9D765}.Debug_GLES|ARM.Build.0 = Debug_GLES|ARM
		{2084D43E-5FEE-4540-8EC9-8B159AD9D765}.Debug_GLES|Win32.ActiveCfg = Debug_GLES|Win32
		{2084D43E-5FEE-4540-8EC9-8B159AD9D765}.Debug_GLES|Win32.Build.0 = Debug_GLES|Win32
		{2084D43E-5FEE-4540-8EC9-8B159AD9D765}.Debug|ARM.ActiveCfg = Debug|ARM
		{2084D43E-5FEE-4540-8EC9-8B159AD9D765}.Debug|ARM.Build.0 = Debug|ARM
		{2084D43E-5FEE-4540-8EC9-8B159AD9D765}.Debug|Win32.ActiveCfg = Debug|Win32
		{2084D43E-5FEE-4540-8EC9-8B159AD9D765}.Debug|Win32.Build.0 = Debug|Win32
		{2084D43E-5FEE-4540-8EC9-8B159AD9D765}.Distribute_Android|ARM.ActiveCfg = Distribute|ARM
		{2084D43E-5FEE-4540-8EC9-8B159AD9D765}.Distribute_Android|ARM.Build.0 = Distribute|ARM
		{2084D43E-5FEE-4540-8EC9-8B159AD9D765}.Distribute_Android|Win32.ActiveCfg = Distribute|Win32
		{2084D43E-5FEE-4540-8EC9-8B159AD9D765}.Distribute_GLES|ARM.ActiveCfg = Distribute_GLES|ARM
		{2084D43E-5FEE-4540-8EC9-8B159AD9D765}.Distribute_GLES|ARM.Build.0 = Distribute_GLES|ARM
		{2084D43E-5FEE-4540-8EC9-8B159AD9D765}.Distribute_GLES|Win32.ActiveCfg = Distribute_GLES|Win32
		{2084D43E-5FEE-4540-8EC9-8B159AD9D765}.Distribute_GLES|Win32.Build.0 = Distribute_GLES|Win32
		{2084D43E-5FEE-4540-8EC9-8B159AD9D765}.Distribute|ARM.ActiveCfg = Distribute|ARM
		{2084D43E-5FEE-4540-8EC9-8B159AD9D765}.Distribute|ARM.Build.0 = Distribute|ARM
		{2084D43E-5FEE-4540-8EC9-8B159AD9D765}.Distribute|Win32.ActiveCfg = Distribute|Win32
		{2084D43E-5FEE-4540-8EC9-8B159AD9D765}.Distribute|Win32.Build.0 = Distribute|Win32
		{602EF21F-918B-4678-85AE-44CCF1561DB8}.Debug_Android|ARM.ActiveCfg = Debug|ARM
		{602EF21F-918B-4678-85AE-44CCF1561DB8}.Debug_Android|ARM.Build.0 = Debug|ARM
		{602EF21F-918B-4678-85AE-44CCF1561DB8}.Debug_Android|Win32.ActiveCfg = Debug|Win32
		{602EF21F-918B-4678-85AE-44CCF1561DB8}.Debug_GLES|ARM.ActiveCfg = Debug_GLES|ARM
		{602EF21F-918B-4678-85AE-44CCF1561DB8}.Debug_GLES|ARM.Build.0 = Debug_GLES|ARM
		{602EF21F-918B-4678-85AE-44CCF1561DB8}.Debug_GLES|Win32.ActiveCfg = Debug_GLES|Win32
		{602EF21F-918B-4678-85AE-44CCF1561DB8}.Debug_GLES|Win32.Build.0 = Debug_GLES|Win32
		{602EF21F-918B-4678-85AE-44CCF1561DB8}.Debug|ARM.ActiveCfg = Debug|ARM
		{602EF21F-918B-4678-85AE-44CCF1561DB8}.Debug|ARM.Build.0 = Debug|ARM
		{602EF21F-918B-4678-85AE-44CCF1561DB8}.Debug|Win32.ActiveCfg = Debug|Win32
		{602EF21F-918B-4678-85AE-44CCF1561DB8}.Debug|Win32.Build.0 = Debug|Win32
		{602EF21F-918B-4678-85AE-44CCF1561DB8}.Distribute_Android|ARM.ActiveCfg = Distribute|ARM
		{602EF21F-918B-4678-85AE-44CCF1561DB8}.Distribute_Android|ARM.Build.0 = Distribute|ARM
		{602EF21F-918B-4678-85AE-44CCF1561DB8}.Distribute_Android|Win32.ActiveCfg = Distribute|Win32
		{602EF21F-918B-4678-85AE-44CCF1561DB8}.Distribute_GLES|ARM.ActiveCfg = Distribute_GLES|ARM
		{602EF21F-918B-4678-85AE-44CCF1561DB8}.Distribute_GLES|ARM.Build.0 = Distribute_GLES|ARM
		{602EF21F-918B-4678-85AE-44CCF1561DB8}.Distribute_GLES|Win32.ActiveCfg = Distribute_GLES|Win32
		{602EF21F-918B-4678-85AE-44CCF1561DB8}.Distribute_GLES|Win32.Build.0 = Distribute_GLES|Win32
		{602EF21F-918B-4678-85AE-44CCF1561DB8}.Distribute|ARM.ActiveCfg = Distribute|ARM
		{602EF21F-918B-4678-85AE-44CCF1561DB8}.Distribute|ARM.Build.0 = Distribute|ARM
		{602EF21F-918B-4678-85AE-44CCF1561DB8}.Distribute|Win32.ActiveCfg = Distribute|Win32
		{602EF21F-918B-4678-85AE-44CCF1561DB8}.Distribute|Win32.Build.0 = Distribute|Win32
		{B1F24BAE-61E8-41E9-B2BB-A6905E5D64FD}.Debug_Android|ARM.ActiveCfg = Debug|ARM
		{B1F24BAE-61E8-41E9-B2BB-A6905E5D64FD}.Debug_Android|ARM.Build.0 = Debug|ARM
		{B1F24BAE-61E8-41E9-B2BB-A6905E5D64FD}.Debug_Android|Win32.ActiveCfg = Debug|Win32
		{B1F24BAE-61E8-41E9-B2BB-A6905E5D64FD}.Debug_GLES|ARM.ActiveCfg = Debug_GLES|ARM
		{B1F24BAE-61E8-41E9-B2BB-A6905E5D64FD}.Debug_GLES|ARM.Build.0 = Debug_GLES|ARM
		{B1F24BAE-61E8-41E9-B2BB-A6905E5D64FD}.Debug_GLES|Win32.ActiveCfg = Debug_GLES|Win32
		{B1F24BAE-61E8-41E9-B2BB-A6905E5D64FD}.Debug_GLES|Win32.Build.0 = Debug_GLES|Win32
		{B1F24BAE-61E8-41E9-B2BB-A6905E5D64FD}.Debug|ARM.ActiveCfg = Debug|ARM
		{B1F24BAE-61E8-41E9-B2BB-A6905E5D64FD}.Debug|ARM.Build.0 = Debug|ARM
		{B1F24BAE-61E8-41E9-B2BB-A6905E5D64FD}.Debug|Win32.ActiveCfg = Debug|Win32
		{B1F24BAE-61E8-41E9-B2BB-A6905E5D64FD}.Debug|Win32.Build.0 = Debug|Win32
		{B1F24BAE-61E8-41E9-B2BB-A6905E5D64FD}.Distribute_Android|ARM.ActiveCfg = Distribute|ARM
		{B1F24BAE-61E8-41E9-B2BB-A6905E5D64FD}.Distribute_Android|ARM.Build.0 = Distribute|ARM
		{B1F24BAE-61E8-41E9-B2BB-A6905E5D64FD}.Distribute_Android|Win32.ActiveCfg = Distribute|Win32
		{B1F24BAE-61E8-41E9-B2BB-A6905E5D64FD}.Distribute_GLES|ARM.ActiveCfg = Distribute_GLES|ARM
		{B1F24BAE-61E8-41E9-B2BB-A6905E5D64FD}.Distribute_GLES|ARM.Build.0 = Distribute_GLES|ARM
		{B1F24BAE-61E8-41E9-B2BB-A6905E5D64FD}.Distribute_GLES|Win32.ActiveCfg = Distribute_GLES|Win32
		{B1F24BAE-61E8-41E9-B2BB-A6905E5D64FD}.Distribute_GLES|Win32.Build.0 = Distribute_GLES|Win32
		{B1F24BAE-61E8-41E9-B2BB-A6905E5D64FD}.Distribute|ARM.ActiveCfg = Distribute|ARM
		{B1F24BAE-61E8-41E9-B2BB-A6905E5D64FD}.Distribute|ARM.Build.0 = Distribute|ARM
		{B1F24BAE-61E8-41E9-B2BB-A6905E5D64FD}.Distribute|Win32.ActiveCfg = Distribute|Win32
		{B1F24BAE-61E8-41E9-B2BB-A6905E5D64FD}.Distribute|Win32.Build.0 = Distribute|Win32
		{E0DC3917-08C3-4F15-A7E7-6CB395EC83F0}.Debug_Android|ARM.ActiveCfg = Debug|ARM
		{E0DC3917-08C3-4F15-A7E7-6CB395EC83F0}.Debug_Android|ARM.Build.0 = Debug|ARM
		{E0DC3917-08C3-4F15-A7E7-6CB395EC83F0}.Debug_Android|Win32.ActiveCfg = Debug|Win32
		{E0DC3917-08C3-4F15-A7E7-6CB395EC83F0}.Debug_GLES|ARM.ActiveCfg = Debug_GLES|ARM
		{E0DC3917-08C3-4F15-A7E7-6CB395EC83F0}.Debug_GLES|ARM.Build.0 = Debug_GLES|ARM
		{E0DC3917-08C3-4F15-A7E7-6CB395EC83F0}.Debug_GLES|Win32.ActiveCfg = Debug_GLES|Win32
		{E0DC3917-08C3-4F15-A7E7-6CB395EC83F0}.Debug_GLES|Win32.Build.0 = Debug_GLES|Win32
		{E0DC3917-08C3-4F15-A7E7-6CB395EC83F0}.Debug|ARM.ActiveCfg = Debug|ARM
		{E0DC3917-08C3-4F15-A7E7-6CB395EC83F0}.Debug|ARM.Build.0 = Debug|ARM
		{E0DC3917-08C3-4F15-A7E7-6CB395EC83F0}.Debug|Win32.ActiveCfg = Debug|Win32
		{E0DC3917-08C3-4F15-A7E7-6CB395EC83F0}.Debug|Win32.Build.0 = Debug|Win32
		{E0DC3917-08C3-4F15-A7E7-6CB395EC83F0}.Distribute_Android|ARM.ActiveCfg = Distribute|ARM
		{E0DC3917-08C3-4F15-A7E7-6CB395EC83F0}.Distribute_Android|ARM.Build.0 = Distribute|ARM
		{E0DC3917-08C3-4F15-A7E7-6CB395EC83F0}.Distribute_Android|Win32.ActiveCfg = Distribute|Win32
		{E0DC3917-08C3-4F15-A7E7-6CB395EC83F0}.Distribute_GLES|ARM.ActiveCfg = Distribute_GLES|ARM
		{E0DC3917-08C3-4F15-A7E7-6CB395EC83F0}.Distribute_GLES|ARM.Build.0 = Distribute_GLES|ARM
		{E0DC3917-08C3-4F15-A7E7-6CB395EC83F0}.Distribute_GLES|Win32.ActiveCfg = Distribute_GLES|Win32
		{E0DC3917-08C3-4F15-A7E7-6CB395EC83F0}.Distribute_GLES|Win32.Build.0 = Distribute_GLES|Win32
		{E0DC3917-08C3-4F15-A7E7-6CB395EC83F0}.Distribute|ARM.ActiveCfg = Distribute|ARM
		{E0DC3917-08C3-4F15-A7E7-6CB395EC83F0}.Distribute|ARM.Build.0 = Distribute|ARM
		{E0DC3917-08C3-4F15-A7E7-6CB395EC83F0}.Distribute|Win32.ActiveCfg = Distribute|Win32
		{E0DC3917-08C3-4F15-A7E7-6CB395EC83F0}.Distribute|Win32.Build.0 = Distribute|Win32
		{A8B2C3D4-E5F6-4A1B-8C2D-3E4F5A6B7C8D}.Debug_Android|ARM.ActiveCfg = Debug_Android|Win32
		{A8B2C3D4-E5F6-4A1B-8C2D-3E4F5A6B7C8D}.Debug_Android|ARM.Build.0 = Debug_Android|Win32
		{A8B2C3D4-E5F6-4A1B-8C2D-3E4F5A6B7C8D}.Debug_Android|Win32.ActiveCfg = Debug_Android|Win32
		{A8B2C3D4-E5F6-4A1B-8C2D-3E4F5A6B7C8D}.Debug_Android|Win32.Build.0 = Debug_Android|Win32
		{A8B2C3D4-E5F6-4A1B-8C2D-3E4F5A6B7C8D}.Debug_GLES|ARM.ActiveCfg = Distribute|Win32
		{A8B2C3D4-E5F6-4A1B-8C2D-3E4F5A6B7C8D}.Debug_GLES|Win32.ActiveCfg = Distribute|Win32
		{A8B2C3D4-E5F6-4A1B-8C2D-3E4F5A6B7C8D}.Debug|ARM.ActiveCfg = Distribute|Win32
		{A8B2C3D4-E5F6-4A1B-8C2D-3E4F5A6B7C8D}.Debug|Win32.ActiveCfg = Distribute|Win32
		{A8B2C3D4-E5F6-4A1B-8C2D-3E4F5A6B7C8D}.Distribute_Android|ARM.ActiveCfg = Distribute_Android|Win32
		{A8B2C3D4-E5F6-4A1B-8C2D-3E4F5A6B7C8D}.Distribute_Android|ARM.Build.0 = Distribute_Android|Win32
		{A8B2C3D4-E5F6-4A1B-8C2D-3E4F5A6B7C8D}.Distribute_Android|Win32.ActiveCfg = Distribute_Android|Win32
		{A8B2C3D4-E5F6-4A1B-8C2D-3E4F5A6B7C8D}.Distribute_Android|Win32.Build.0 = Distribute_Android|Win32
		{A8B2C3D4-E5F6-4A1B-8C2D-3E4F5A6B7C8D}.Distribute_GLES|ARM.ActiveCfg = Distribute|Win32
		{A8B2C3D4-E5F6-4A1B-8C2D-3E4F5A6B7C8D}.Distribute_GLES|Win32.ActiveCfg = Distribute|Win32
		{A8B2C3D4-E5F6-4A1B-8C2D-3E4F5A6B7C8D}.Distribute|ARM.ActiveCfg = Distribute|Win32
		{A8B2C3D4-E5F6-4A1B-8C2D-3E4F5A6B7C8D}.Distribute|Win32.ActiveCfg = Distribute|Win32
	EndGlobalSection
	GlobalSection(SolutionProperties) = preSolution
		HideSolutionNode = FALSE
	EndGlobalSection
	GlobalSection(ExtensibilityGlobals) = postSolution
		SolutionGuid = {1B49166A-5CDC-488E-8A66-192F4A20A5A6}
	EndGlobalSection
EndGlobal
